# THIS IS AN AUTOGENERATED FILE. DO NOT EDIT THIS FILE DIRECTLY.
# yarn lockfile v1


"ansi-regex@^5.0.1":
  "integrity" "sha512-quJQXlTSUGL2LH9SUXo8VwsY4soanhgo6LNSm84E1LBcE8s3O0wpdiRzyR9z/ZZJMlMWv37qOOb9pdJlMUEKFQ=="
  "resolved" "https://registry.npmjs.org/ansi-regex/-/ansi-regex-5.0.1.tgz"
  "version" "5.0.1"

"assert-plus@^1.0.0", "assert-plus@1.0.0":
  "integrity" "sha512-NfJ4UzBCcQGLDlQq7nHxH+tv3kyZ0hHQqF5BO6J7tNJeP5do1llPr8dZ8zHonfhAu0PHAdMkSo+8o0wxg9lZWw=="
  "resolved" "https://registry.npmjs.org/assert-plus/-/assert-plus-1.0.0.tgz"
  "version" "1.0.0"

"big-integer@^1.6.47":
  "integrity" "sha512-GPEid2Y9QU1Exl1rpO9B2IPJGHPSupF5GnVIP0blYvNOMer2bTvSWs1jGOUg04hTmu67nmLsQ9TBo1puaotBHg=="
  "resolved" "https://registry.npmjs.org/big-integer/-/big-integer-1.6.51.tgz"
  "version" "1.6.51"

"cidr-matcher@^2.1.1":
  "integrity" "sha512-QPJRz4HDQxpB8AZWEqd6ejVp+siArXh3u1MYaUFV85cd293StGSMb87jVe0z9gS92KsFwxCxjb3utO3e5HKHTw=="
  "resolved" "https://registry.npmjs.org/cidr-matcher/-/cidr-matcher-2.1.1.tgz"
  "version" "2.1.1"
  dependencies:
    "ip6addr" "^0.2.2"

"cidr-regex@4.0.2":
  "integrity" "sha512-xvqVyyE8emYjipWVxsA+Vcsbt8TbJJsTHbOeMMA5qsmXUu5VZJzNBGwI4rr1IZ0FQI2z7bfry4NNACP5Cf67CA=="
  "resolved" "https://registry.npmjs.org/cidr-regex/-/cidr-regex-4.0.2.tgz"
  "version" "4.0.2"
  dependencies:
    "ip-regex" "^5.0.0"

"cidr-tools@^5.1.4":
  "integrity" "sha512-B/bAEkLqIKjPq24m4htyDClMd+SODEOPEbqiA5mC3HoJsq+QAJfPJCd7ajhecE3fGY26dxj8AxAvNyFFZlPa/Q=="
  "resolved" "https://registry.npmjs.org/cidr-tools/-/cidr-tools-5.1.4.tgz"
  "version" "5.1.4"
  dependencies:
    "cidr-regex" "4.0.2"
    "ip-bigint" "6.0.0"
    "ip-regex" "5.0.0"
    "string-natural-compare" "3.0.1"

"cli-progress@^3.11.2":
  "integrity" "sha512-lCPoS6ncgX4+rJu5bS3F/iCz17kZ9MPZ6dpuTtI0KXKABkhyXIdYB3Inby1OpaGti3YlI3EeEkM9AuWpelJrVA=="
  "resolved" "https://registry.npmjs.org/cli-progress/-/cli-progress-3.11.2.tgz"
  "version" "3.11.2"
  dependencies:
    "string-width" "^4.2.3"

"core-util-is@1.0.2":
  "integrity" "sha512-3lqz5YjWTYnW6dlDa5TLaTCcShfar1e40rmcJVwCBJC6mWlFuj0eCHIElmG1g5kyuJ/GD+8Wn4FFCcz4gJPfaQ=="
  "resolved" "https://registry.npmjs.org/core-util-is/-/core-util-is-1.0.2.tgz"
  "version" "1.0.2"

"csv-parser@^3.0.0":
  "integrity" "sha512-s6OYSXAK3IdKqYO33y09jhypG/bSDHPuyCme/IdEHfWpLf/jKcpitVFyOC6UemgGk8v7Q5u2XE0vvwmanxhGlQ=="
  "resolved" "https://registry.npmjs.org/csv-parser/-/csv-parser-3.0.0.tgz"
  "version" "3.0.0"
  dependencies:
    "minimist" "^1.2.0"

"data-uri-to-buffer@^4.0.0":
  "integrity" "sha512-Vr3mLBA8qWmcuschSLAOogKgQ/Jwxulv3RNE4FXnYWRGujzrRWQI4m12fQqRkwX06C0KanhLr4hK+GydchZsaA=="
  "resolved" "https://registry.npmjs.org/data-uri-to-buffer/-/data-uri-to-buffer-4.0.0.tgz"
  "version" "4.0.0"

"emoji-regex@^8.0.0":
  "integrity" "sha512-MSjYzcWNOA0ewAHpz0MxpYFvwg6yjy1NG3xteoqz644VCo/RPgnr1/GGt+ic3iJTzQ8Eu3TdM14SawnVUmGE6A=="
  "resolved" "https://registry.npmjs.org/emoji-regex/-/emoji-regex-8.0.0.tgz"
  "version" "8.0.0"

"extsprintf@^1.2.0", "extsprintf@1.3.0":
  "integrity" "sha512-11Ndz7Nv+mvAC1j0ktTa7fAb0vLyGGX+rMHNBYQviQDGU0Hw7lhctJANqbPhu9nV9/izT/IntTgZ7Im/9LJs9g=="
  "resolved" "https://registry.npmjs.org/extsprintf/-/extsprintf-1.3.0.tgz"
  "version" "1.3.0"

"fetch-blob@^3.1.2", "fetch-blob@^3.1.4":
  "integrity" "sha512-7yAQpD2UMJzLi1Dqv7qFYnPbaPx7ZfFK6PiIxQ4PfkGPyNyl2Ugx+a/umUonmKqjhM4DnfbMvdX6otXq83soQQ=="
  "resolved" "https://registry.npmjs.org/fetch-blob/-/fetch-blob-3.2.0.tgz"
  "version" "3.2.0"
  dependencies:
    "node-domexception" "^1.0.0"
    "web-streams-polyfill" "^3.0.3"

"formdata-polyfill@^4.0.10":
  "integrity" "sha512-buewHzMvYL29jdeQTVILecSaZKnt/RJWjoZCF5OW60Z67/GmSLBkOFM7qh1PI3zFNtJbaZL5eQu1vLfazOwj4g=="
  "resolved" "https://registry.npmjs.org/formdata-polyfill/-/formdata-polyfill-4.0.10.tgz"
  "version" "4.0.10"
  dependencies:
    "fetch-blob" "^3.1.2"

"ip-bigint@6.0.0":
  "integrity" "sha512-68+9IteBghKVV49Aqw9Q5qnz4nF4wy1y63iN+DQSeJU75nO/NASEBFEg+mgfEK96p2m8yNWaFod4jP01pHObiw=="
  "resolved" "https://registry.npmjs.org/ip-bigint/-/ip-bigint-6.0.0.tgz"
  "version" "6.0.0"

"ip-regex@^5.0.0", "ip-regex@5.0.0":
  "integrity" "sha512-fOCG6lhoKKakwv+C6KdsOnGvgXnmgfmp0myi3bcNwj3qfwPAxRKWEuFhvEFF7ceYIz6+1jRZ+yguLFAmUNPEfw=="
  "resolved" "https://registry.npmjs.org/ip-regex/-/ip-regex-5.0.0.tgz"
  "version" "5.0.0"

"ip2location-nodejs@^9.4.2":
  "integrity" "sha512-uLjeRcNF5i5AlE5ERCxFVccWujqxIjYT3gX1eoVaOJlHuN2oE6A31EyS911EcARheDVhH6uhdheo3rpgLgJpWQ=="
  "resolved" "https://registry.npmjs.org/ip2location-nodejs/-/ip2location-nodejs-9.4.2.tgz"
  "version" "9.4.2"
  dependencies:
    "big-integer" "^1.6.47"
    "csv-parser" "^3.0.0"

"ip6addr@^0.2.2":
  "integrity" "sha512-9RGGSB6Zc9Ox5DpDGFnJdIeF0AsqXzdH+FspCfPPaU/L/4tI6P+5lIoFUFm9JXs9IrJv1boqAaNCQmoDADTSKQ=="
  "resolved" "https://registry.npmjs.org/ip6addr/-/ip6addr-0.2.5.tgz"
  "version" "0.2.5"
  dependencies:
    "assert-plus" "^1.0.0"
    "jsprim" "^2.0.2"

"is-fullwidth-code-point@^3.0.0":
  "integrity" "sha512-zymm5+u+sCsSWyD9qNaejV3DFvhCKclKdizYaJUuHA83RLjb7nSuGnddCHGv0hk+KY7BMAlsWeK4Ueg6EV6XQg=="
  "resolved" "https://registry.npmjs.org/is-fullwidth-code-point/-/is-fullwidth-code-point-3.0.0.tgz"
  "version" "3.0.0"

"is-in-subnet@^4.0.1":
  "integrity" "sha512-D3mAuAo6vZ+/AxsLkEIZ3moTx7AIGQLLzLQslV6n0RRO/CzdUemXap+lj3OPAehKCbdkGPikxOVUYqRo0GGJAA=="
  "resolved" "https://registry.npmjs.org/is-in-subnet/-/is-in-subnet-4.0.1.tgz"
  "version" "4.0.1"

"json-schema@0.4.0":
  "integrity" "sha512-es94M3nTIfsEPisRafak+HDLfHXnKBhV3vU5eqPcS3flIWqcxJWgXHXiey3YrpaNsanY5ei1VoYEbOzijuq9BA=="
  "resolved" "https://registry.npmjs.org/json-schema/-/json-schema-0.4.0.tgz"
  "version" "0.4.0"

"jsprim@^2.0.2":
  "integrity" "sha512-gqXddjPqQ6G40VdnI6T6yObEC+pDNvyP95wdQhkWkg7crHH3km5qP1FsOXEkzEQwnz6gz5qGTn1c2Y52wP3OyQ=="
  "resolved" "https://registry.npmjs.org/jsprim/-/jsprim-2.0.2.tgz"
  "version" "2.0.2"
  dependencies:
    "assert-plus" "1.0.0"
    "extsprintf" "1.3.0"
    "json-schema" "0.4.0"
    "verror" "1.10.0"

"minimist@^1.2.0":
  "integrity" "sha512-bzfL1YUZsP41gmu/qjrEk0Q6i2ix/cVeAhbCbqH9u3zYutS1cLg00qhrD0M2MVdCcx4Sc0UpP2eBWo9rotpq6g=="
  "resolved" "https://registry.npmjs.org/minimist/-/minimist-1.2.7.tgz"
  "version" "1.2.7"

"netmask@^2.0.2":
  "integrity" "sha512-dBpDMdxv9Irdq66304OLfEmQ9tbNRFnFTuZiLo+bD+r332bBmMJ8GBLXklIXXgxd3+v9+KUnZaUR5PJMa75Gsg=="
  "resolved" "https://registry.npmjs.org/netmask/-/netmask-2.0.2.tgz"
  "version" "2.0.2"

"node-domexception@^1.0.0":
  "integrity" "sha512-/jKZoMpw0F8GRwl4/eLROPA3cfcXtLApP0QzLmUT/HuPCZWyB7IY9ZrMeKw2O/nFIqPQB3PVM9aYm0F312AXDQ=="
  "resolved" "https://registry.npmjs.org/node-domexception/-/node-domexception-1.0.0.tgz"
  "version" "1.0.0"

"node-fetch@^3.2.10":
  "integrity" "sha512-MhuzNwdURnZ1Cp4XTazr69K0BTizsBroX7Zx3UgDSVcZYKF/6p0CBe4EUb/hLqmzVhl0UpYfgRljQ4yxE+iCxA=="
  "resolved" "https://registry.npmjs.org/node-fetch/-/node-fetch-3.2.10.tgz"
  "version" "3.2.10"
  dependencies:
    "data-uri-to-buffer" "^4.0.0"
    "fetch-blob" "^3.1.4"
    "formdata-polyfill" "^4.0.10"

"ping@^0.4.2":
  "integrity" "sha512-1uAw0bzHtrPbPo2s6no06oZAzY6KqKclEJR1JRZKIHKXKlPdrz9N0/1MPPB+BbrvMjN3Mk0pcod3bfLNZFRo9w=="
  "resolved" "https://registry.npmjs.org/ping/-/ping-0.4.2.tgz"
  "version" "0.4.2"
  dependencies:
    "q" "1.x"
    "underscore" "^1.12.0"

"q@1.x":
  "integrity" "sha512-kV/CThkXo6xyFEZUugw/+pIOywXcDbFYgSct5cT3gqlbkBE1SJdwy6UQoZvodiWF/ckQLZyDE/Bu1M6gVu5lVw=="
  "resolved" "https://registry.npmjs.org/q/-/q-1.5.1.tgz"
  "version" "1.5.1"

"string-natural-compare@3.0.1":
  "integrity" "sha512-n3sPwynL1nwKi3WJ6AIsClwBMa0zTi54fn2oLU6ndfTSIO05xaznjSf15PcBZU6FNWbmN5Q6cxT4V5hGvB4taw=="
  "resolved" "https://registry.npmjs.org/string-natural-compare/-/string-natural-compare-3.0.1.tgz"
  "version" "3.0.1"

"string-width@^4.2.3":
  "integrity" "sha512-wKyQRQpjJ0sIp62ErSZdGsjMJWsap5oRNihHhu6G7JVO/9jIB6UyevL+tXuOqrng8j/cxKTWyWUwvSTriiZz/g=="
  "resolved" "https://registry.npmjs.org/string-width/-/string-width-4.2.3.tgz"
  "version" "4.2.3"
  dependencies:
    "emoji-regex" "^8.0.0"
    "is-fullwidth-code-point" "^3.0.0"
    "strip-ansi" "^6.0.1"

"strip-ansi@^6.0.1":
  "integrity" "sha512-Y38VPSHcqkFrCpFnQ9vuSXmquuv5oXOKpGeT6aGrr3o3Gc9AlVa6JBfUSOCnbxGGZF+/0ooI7KrPuUSztUdU5A=="
  "resolved" "https://registry.npmjs.org/strip-ansi/-/strip-ansi-6.0.1.tgz"
  "version" "6.0.1"
  dependencies:
    "ansi-regex" "^5.0.1"

"underscore@^1.12.0":
  "integrity" "sha512-+A5Sja4HP1M08MaXya7p5LvjuM7K6q/2EaC0+iovj/wOcMsTzMvDFbasi/oSapiwOlt252IqsKqPjCl7huKS0A=="
  "resolved" "https://registry.npmjs.org/underscore/-/underscore-1.13.6.tgz"
  "version" "1.13.6"

"verror@1.10.0":
  "integrity" "sha512-ZZKSmDAEFOijERBLkmYfJ+vmk3w+7hOLYDNkRCuRuMJGEmqYNCNLyBBFwWKVMhfwaEF3WOd0Zlw86U/WC/+nYw=="
  "resolved" "https://registry.npmjs.org/verror/-/verror-1.10.0.tgz"
  "version" "1.10.0"
  dependencies:
    "assert-plus" "^1.0.0"
    "core-util-is" "1.0.2"
    "extsprintf" "^1.2.0"

"web-streams-polyfill@^3.0.3":
  "integrity" "sha512-e0MO3wdXWKrLbL0DgGnUV7WHVuw9OUvL4hjgnPkIeEvESk74gAITi5G606JtZPp39cd8HA9VQzCIvA49LpPN5Q=="
  "resolved" "https://registry.npmjs.org/web-streams-polyfill/-/web-streams-polyfill-3.2.1.tgz"
  "version" "3.2.1"
